
Microsoft Visual Studio Solution File, Format Version 12.00
# Visual Studio 15
Project("{FAE04EC0-301F-11D3-BF4B-00C04F79EFBC}") = "Assembly-CSharp-Editor", "Assembly-CSharp-Editor.csproj", "{0755911A-92BF-0ECA-5D85-D4168DFB084C}"
EndProject
Project("{FAE04EC0-301F-11D3-BF4B-00C04F79EFBC}") = "Assembly-CSharp", "Assembly-CSharp.csproj", "{FE41AFAB-0B29-E615-6CDC-DAEAA257F468}"
EndProject
Global
	GlobalSection(SolutionConfigurationPlatforms) = preSolution
		Debug|Any CPU = Debug|Any CPU
		Release|Any CPU = Release|Any CPU
	EndGlobalSection
	GlobalSection(ProjectConfigurationPlatforms) = postSolution
		{0755911A-92BF-0ECA-5D85-D4168DFB084C}.Debug|Any CPU.ActiveCfg = Debug|Any CPU
		{0755911A-92BF-0ECA-5D85-D4168DFB084C}.Debug|Any CPU.Build.0 = Debug|Any CPU
		{0755911A-92BF-0ECA-5D85-D4168DFB084C}.Release|Any CPU.ActiveCfg = Release|Any CPU
		{0755911A-92BF-0ECA-5D85-D4168DFB084C}.Release|Any CPU.Build.0 = Release|Any CPU
		{FE41AFAB-0B29-E615-6CDC-DAEAA257F468}.Debug|Any CPU.ActiveCfg = Debug|Any CPU
		{FE41AFAB-0B29-E615-6CDC-DAEAA257F468}.Debug|Any CPU.Build.0 = Debug|Any CPU
		{FE41AFAB-0B29-E615-6CDC-DAEAA257F468}.Release|Any CPU.ActiveCfg = Release|Any CPU
		{FE41AFAB-0B29-E615-6CDC-DAEAA257F468}.Release|Any CPU.Build.0 = Release|Any CPU
	EndGlobalSection
	GlobalSection(SolutionProperties) = preSolution
		HideSolutionNode = FALSE
	EndGlobalSection
EndGlobal
